// !$*UTF8*$!
{
	archiveVersion = 1;
	classes = {
	};
	objectVersion = 54;
	objects = {

/* Begin PBXBuildFile section */
		190C712A25EE497A00AF1F20 /* ProviderTypes.swift in Sources */ = {isa = PBXBuildFile; fileRef = 190C712925EE497A00AF1F20 /* ProviderTypes.swift */; };
		190C713525F034B000AF1F20 /* SwiftyStoreKit in Frameworks */ = {isa = PBXBuildFile; productRef = 190C713425F034B000AF1F20 /* SwiftyStoreKit */; };
		190C713925F7831A00AF1F20 /* MonthlyCloudSubscription.swift in Sources */ = {isa = PBXBuildFile; fileRef = 190C713825F7831A00AF1F20 /* MonthlyCloudSubscription.swift */; };
		198058FE260219DB00DEB569 /* NetworkMonitor.swift in Sources */ = {isa = PBXBuildFile; fileRef = 198058FD260219DB00DEB569 /* NetworkMonitor.swift */; };
		19A5154126515DC4002E9FF3 /* BackgroundDownloading.swift in Sources */ = {isa = PBXBuildFile; fileRef = 19A5154026515DC4002E9FF3 /* BackgroundDownloading.swift */; };
		19F2E4B825A6456E009730DC /* BooksInfoStorage.swift in Sources */ = {isa = PBXBuildFile; fileRef = 19F2E4B725A6456E009730DC /* BooksInfoStorage.swift */; };
		19F2E4BA25C0A8A8009730DC /* AddingLibraryView.swift in Sources */ = {isa = PBXBuildFile; fileRef = 19F2E4B925C0A8A8009730DC /* AddingLibraryView.swift */; };
		19F2E4BD25DAE3A3009730DC /* Reachability in Frameworks */ = {isa = PBXBuildFile; productRef = 19F2E4BC25DAE3A3009730DC /* Reachability */; };
		19F2E4C125DC2A8D009730DC /* InterruptedUploadsStorage.swift in Sources */ = {isa = PBXBuildFile; fileRef = 19F2E4C025DC2A8D009730DC /* InterruptedUploadsStorage.swift */; };
		19F8DEA02739D0FE000DE63B /* ProvidersFilterListView.swift in Sources */ = {isa = PBXBuildFile; fileRef = 19F8DE9F2739D0FE000DE63B /* ProvidersFilterListView.swift */; };
		AF19351D24ED2A9A00C847AF /* ArchivePicker.swift in Sources */ = {isa = PBXBuildFile; fileRef = AF19351C24ED2A9A00C847AF /* ArchivePicker.swift */; };
		AF7F38EE25064EF700B37B78 /* CloudKit.framework in Frameworks */ = {isa = PBXBuildFile; fileRef = AF7F38ED25064EF700B37B78 /* CloudKit.framework */; };
		AFB656C5250FCE4800AFA816 /* CTPicker in Frameworks */ = {isa = PBXBuildFile; productRef = AFB656C4250FCE4800AFA816 /* CTPicker */; };
		AFEDEEBF2508EA7800CD856C /* FileManager.swift in Sources */ = {isa = PBXBuildFile; fileRef = AFEDEEBE2508EA7800CD856C /* FileManager.swift */; };
		AFEDEEC22508ED6000CD856C /* Zip in Frameworks */ = {isa = PBXBuildFile; productRef = AFEDEEC12508ED6000CD856C /* Zip */; };
		AFEDEEC52509132900CD856C /* ID3TagEditor in Frameworks */ = {isa = PBXBuildFile; productRef = AFEDEEC42509132900CD856C /* ID3TagEditor */; };
		AFF32D5C2508E59E004E182C /* LocalUploadManager.swift in Sources */ = {isa = PBXBuildFile; fileRef = AFF32D5B2508E59E004E182C /* LocalUploadManager.swift */; };
		D62AC7FA25669068000E46D3 /* LibrariesView.swift in Sources */ = {isa = PBXBuildFile; fileRef = D62AC7F925669068000E46D3 /* LibrariesView.swift */; };
		E002849C29316CB000BEA245 /* iCloudProvider.swift in Sources */ = {isa = PBXBuildFile; fileRef = E002849B29316CAF00BEA245 /* iCloudProvider.swift */; };
		E01990D929A80E900030D448 /* Color.swift in Sources */ = {isa = PBXBuildFile; fileRef = E01990D829A80E900030D448 /* Color.swift */; };
		E022009724E3E6C000C0BF72 /* BooksUploader.swift in Sources */ = {isa = PBXBuildFile; fileRef = E022009624E3E6C000C0BF72 /* BooksUploader.swift */; };
		E041851C2461803E00BBD8A7 /* Int.swift in Sources */ = {isa = PBXBuildFile; fileRef = E041851B2461803E00BBD8A7 /* Int.swift */; };
		E041851E246361AE00BBD8A7 /* TrackGlobalSlider.swift in Sources */ = {isa = PBXBuildFile; fileRef = E041851D246361AE00BBD8A7 /* TrackGlobalSlider.swift */; };
		E05740F729525FA6005A1BDB /* LibrarySettingView.swift in Sources */ = {isa = PBXBuildFile; fileRef = E05740F629525FA6005A1BDB /* LibrarySettingView.swift */; };
		E05D631A245ED71F00344C33 /* AppDelegate.swift in Sources */ = {isa = PBXBuildFile; fileRef = E05D6319245ED71F00344C33 /* AppDelegate.swift */; };
		E05D631C245ED71F00344C33 /* SceneDelegate.swift in Sources */ = {isa = PBXBuildFile; fileRef = E05D631B245ED71F00344C33 /* SceneDelegate.swift */; };
		E05D631E245ED71F00344C33 /* ContentView.swift in Sources */ = {isa = PBXBuildFile; fileRef = E05D631D245ED71F00344C33 /* ContentView.swift */; };
		E05D6320245ED72000344C33 /* Assets.xcassets in Resources */ = {isa = PBXBuildFile; fileRef = E05D631F245ED72000344C33 /* Assets.xcassets */; };
		E05D6323245ED72000344C33 /* Preview Assets.xcassets in Resources */ = {isa = PBXBuildFile; fileRef = E05D6322245ED72000344C33 /* Preview Assets.xcassets */; };
		E05D6326245ED72000344C33 /* LaunchScreen.storyboard in Resources */ = {isa = PBXBuildFile; fileRef = E05D6324245ED72000344C33 /* LaunchScreen.storyboard */; };
		E05D632E245ED73800344C33 /* BooksRepository.swift in Sources */ = {isa = PBXBuildFile; fileRef = E05D632D245ED73800344C33 /* BooksRepository.swift */; };
		E05D6330245ED77300344C33 /* BooksProvider.swift in Sources */ = {isa = PBXBuildFile; fileRef = E05D632F245ED77300344C33 /* BooksProvider.swift */; };
		E05D6332245ED81700344C33 /* Book.swift in Sources */ = {isa = PBXBuildFile; fileRef = E05D6331245ED81700344C33 /* Book.swift */; };
		E05D6335245ED87900344C33 /* Types.swift in Sources */ = {isa = PBXBuildFile; fileRef = E05D6334245ED87900344C33 /* Types.swift */; };
		E05D6337245ED89400344C33 /* Type.swift in Sources */ = {isa = PBXBuildFile; fileRef = E05D6336245ED89400344C33 /* Type.swift */; };
		E05D6339245ED8AB00344C33 /* Booklist.swift in Sources */ = {isa = PBXBuildFile; fileRef = E05D6338245ED8AB00344C33 /* Booklist.swift */; };
		E05D633B245ED8BC00344C33 /* Track.swift in Sources */ = {isa = PBXBuildFile; fileRef = E05D633A245ED8BC00344C33 /* Track.swift */; };
		E05D633E245ED9AE00344C33 /* Published.swift in Sources */ = {isa = PBXBuildFile; fileRef = E05D633D245ED9AE00344C33 /* Published.swift */; };
		E05D6340245EDA0600344C33 /* ObservableArray.swift in Sources */ = {isa = PBXBuildFile; fileRef = E05D633F245EDA0600344C33 /* ObservableArray.swift */; };
		E05D6344245EDAD500344C33 /* LocalProvider.swift in Sources */ = {isa = PBXBuildFile; fileRef = E05D6343245EDAD500344C33 /* LocalProvider.swift */; };
		E05D6346245EFFB900344C33 /* BookRowView.swift in Sources */ = {isa = PBXBuildFile; fileRef = E05D6345245EFFB900344C33 /* BookRowView.swift */; };
		E05D6349245F00CE00344C33 /* SDWebImageSwiftUI in Frameworks */ = {isa = PBXBuildFile; productRef = E05D6348245F00CE00344C33 /* SDWebImageSwiftUI */; };
		E05D634B245F044D00344C33 /* Mark.swift in Sources */ = {isa = PBXBuildFile; fileRef = E05D634A245F044D00344C33 /* Mark.swift */; };
		E05D634D245F270600344C33 /* SymbolView.swift in Sources */ = {isa = PBXBuildFile; fileRef = E05D634C245F270600344C33 /* SymbolView.swift */; };
		E05D634F245F2A7C00344C33 /* PlayerView.swift in Sources */ = {isa = PBXBuildFile; fileRef = E05D634E245F2A7C00344C33 /* PlayerView.swift */; };
		E05D6351245F2BCB00344C33 /* SmallPlayerView.swift in Sources */ = {isa = PBXBuildFile; fileRef = E05D6350245F2BCB00344C33 /* SmallPlayerView.swift */; };
		E05D6353245F2C7200344C33 /* GlobalPlayer.swift in Sources */ = {isa = PBXBuildFile; fileRef = E05D6352245F2C7200344C33 /* GlobalPlayer.swift */; };
		E05D6359245F491700344C33 /* Cover.swift in Sources */ = {isa = PBXBuildFile; fileRef = E05D6358245F491700344C33 /* Cover.swift */; };
		E05D635B245F4B4300344C33 /* Blured.swift in Sources */ = {isa = PBXBuildFile; fileRef = E05D635A245F4B4300344C33 /* Blured.swift */; };
		E05D635D245F55CE00344C33 /* TracksList.swift in Sources */ = {isa = PBXBuildFile; fileRef = E05D635C245F55CE00344C33 /* TracksList.swift */; };
		E05D635F245F58D100344C33 /* CircularProgressIndicator.swift in Sources */ = {isa = PBXBuildFile; fileRef = E05D635E245F58D100344C33 /* CircularProgressIndicator.swift */; };
		E05D6361245F58F200344C33 /* TrackView.swift in Sources */ = {isa = PBXBuildFile; fileRef = E05D6360245F58F200344C33 /* TrackView.swift */; };
		E05D636324608EE500344C33 /* progressView.swift in Sources */ = {isa = PBXBuildFile; fileRef = E05D636224608EE500344C33 /* progressView.swift */; };
		E05D6365246099FA00344C33 /* BookmarksCountView.swift in Sources */ = {isa = PBXBuildFile; fileRef = E05D6364246099FA00344C33 /* BookmarksCountView.swift */; };
		E05D636724609B1900344C33 /* ControllsView.swift in Sources */ = {isa = PBXBuildFile; fileRef = E05D636624609B1900344C33 /* ControllsView.swift */; };
		E05D63692460B3ED00344C33 /* Bindin.swift in Sources */ = {isa = PBXBuildFile; fileRef = E05D63682460B3ED00344C33 /* Bindin.swift */; };
		E05D636B2460B6F000344C33 /* CustomSlider.swift in Sources */ = {isa = PBXBuildFile; fileRef = E05D636A2460B6F000344C33 /* CustomSlider.swift */; };
		E081240C2987012200F415E3 /* Book2.swift in Sources */ = {isa = PBXBuildFile; fileRef = E081240B2987012200F415E3 /* Book2.swift */; };
		E081240E2987016400F415E3 /* Track2.swift in Sources */ = {isa = PBXBuildFile; fileRef = E081240D2987016400F415E3 /* Track2.swift */; };
		E08124102987019700F415E3 /* Bookmark2.swift in Sources */ = {isa = PBXBuildFile; fileRef = E081240F2987019700F415E3 /* Bookmark2.swift */; };
		E0812412298702DE00F415E3 /* SimpleServer_old.swift in Sources */ = {isa = PBXBuildFile; fileRef = E0812411298702DE00F415E3 /* SimpleServer_old.swift */; };
		E0812414298704CB00F415E3 /* Library.swift in Sources */ = {isa = PBXBuildFile; fileRef = E0812413298704CB00F415E3 /* Library.swift */; };
		E087CE0D2958DB220055495E /* ContextMenuComponent.swift in Sources */ = {isa = PBXBuildFile; fileRef = E087CE0A2958DB1E0055495E /* ContextMenuComponent.swift */; };
		E087CE0E2958DB220055495E /* ContextMenuContent.swift in Sources */ = {isa = PBXBuildFile; fileRef = E087CE0B2958DB200055495E /* ContextMenuContent.swift */; };
		E087CE0F2958DB220055495E /* MXContextButton.swift in Sources */ = {isa = PBXBuildFile; fileRef = E087CE0C2958DB210055495E /* MXContextButton.swift */; };
		E087CE112958DB3D0055495E /* MXContextMenuModel.swift in Sources */ = {isa = PBXBuildFile; fileRef = E087CE102958DB3D0055495E /* MXContextMenuModel.swift */; };
		E087CE132958DB7D0055495E /* SheetHeaderComponent.swift in Sources */ = {isa = PBXBuildFile; fileRef = E087CE122958DB7D0055495E /* SheetHeaderComponent.swift */; };
		E087CE152958DBC70055495E /* ActivityIndicator.swift in Sources */ = {isa = PBXBuildFile; fileRef = E087CE142958DBC70055495E /* ActivityIndicator.swift */; };
		E0951B4A2958DE65002E483F /* FilePicker.swift in Sources */ = {isa = PBXBuildFile; fileRef = E0951B482958DE5F002E483F /* FilePicker.swift */; };
		E0951B4B2958DE65002E483F /* FilePickerUIRepresentable.swift in Sources */ = {isa = PBXBuildFile; fileRef = E0951B492958DE65002E483F /* FilePickerUIRepresentable.swift */; };
		E0F4E87B2995AF2E0012570D /* AddingBooksView.swift in Sources */ = {isa = PBXBuildFile; fileRef = E0F4E87A2995AF2E0012570D /* AddingBooksView.swift */; };
/* End PBXBuildFile section */

/* Begin PBXCopyFilesBuildPhase section */
		19C6ADEB25E6A9F900A2F65E /* Embed App Extensions */ = {
			isa = PBXCopyFilesBuildPhase;
			buildActionMask = 2147483647;
			dstPath = "";
			dstSubfolderSpec = 13;
			files = (
			);
			name = "Embed App Extensions";
			runOnlyForDeploymentPostprocessing = 0;
		};
/* End PBXCopyFilesBuildPhase section */

/* Begin PBXFileReference section */
		190C712925EE497A00AF1F20 /* ProviderTypes.swift */ = {isa = PBXFileReference; lastKnownFileType = sourcecode.swift; path = ProviderTypes.swift; sourceTree = "<group>"; };
		190C713825F7831A00AF1F20 /* MonthlyCloudSubscription.swift */ = {isa = PBXFileReference; lastKnownFileType = sourcecode.swift; path = MonthlyCloudSubscription.swift; sourceTree = "<group>"; };
		198058FD260219DB00DEB569 /* NetworkMonitor.swift */ = {isa = PBXFileReference; fileEncoding = 4; lastKnownFileType = sourcecode.swift; path = NetworkMonitor.swift; sourceTree = "<group>"; };
		19A5154026515DC4002E9FF3 /* BackgroundDownloading.swift */ = {isa = PBXFileReference; lastKnownFileType = sourcecode.swift; path = BackgroundDownloading.swift; sourceTree = "<group>"; };
		19C6ADDD25E6A9F800A2F65E /* UserNotifications.framework */ = {isa = PBXFileReference; lastKnownFileType = wrapper.framework; name = UserNotifications.framework; path = System/Library/Frameworks/UserNotifications.framework; sourceTree = SDKROOT; };
		19C6ADDF25E6A9F800A2F65E /* UserNotificationsUI.framework */ = {isa = PBXFileReference; lastKnownFileType = wrapper.framework; name = UserNotificationsUI.framework; path = System/Library/Frameworks/UserNotificationsUI.framework; sourceTree = SDKROOT; };
		19F2E4B725A6456E009730DC /* BooksInfoStorage.swift */ = {isa = PBXFileReference; lastKnownFileType = sourcecode.swift; path = BooksInfoStorage.swift; sourceTree = "<group>"; };
		19F2E4B925C0A8A8009730DC /* AddingLibraryView.swift */ = {isa = PBXFileReference; lastKnownFileType = sourcecode.swift; path = AddingLibraryView.swift; sourceTree = "<group>"; };
		19F2E4C025DC2A8D009730DC /* InterruptedUploadsStorage.swift */ = {isa = PBXFileReference; lastKnownFileType = sourcecode.swift; path = InterruptedUploadsStorage.swift; sourceTree = "<group>"; };
		19F8DE9F2739D0FE000DE63B /* ProvidersFilterListView.swift */ = {isa = PBXFileReference; lastKnownFileType = sourcecode.swift; path = ProvidersFilterListView.swift; sourceTree = "<group>"; };
		AF19351C24ED2A9A00C847AF /* ArchivePicker.swift */ = {isa = PBXFileReference; fileEncoding = 4; lastKnownFileType = sourcecode.swift; path = ArchivePicker.swift; sourceTree = "<group>"; };
		AF7F38ED25064EF700B37B78 /* CloudKit.framework */ = {isa = PBXFileReference; lastKnownFileType = wrapper.framework; name = CloudKit.framework; path = System/Library/Frameworks/CloudKit.framework; sourceTree = SDKROOT; };
		AFEDEEBE2508EA7800CD856C /* FileManager.swift */ = {isa = PBXFileReference; lastKnownFileType = sourcecode.swift; path = FileManager.swift; sourceTree = "<group>"; };
		AFF32D5B2508E59E004E182C /* LocalUploadManager.swift */ = {isa = PBXFileReference; lastKnownFileType = sourcecode.swift; path = LocalUploadManager.swift; sourceTree = "<group>"; };
		D62AC7F925669068000E46D3 /* LibrariesView.swift */ = {isa = PBXFileReference; lastKnownFileType = sourcecode.swift; path = LibrariesView.swift; sourceTree = "<group>"; };
		E002849B29316CAF00BEA245 /* iCloudProvider.swift */ = {isa = PBXFileReference; lastKnownFileType = sourcecode.swift; path = iCloudProvider.swift; sourceTree = "<group>"; };
		E01990D829A80E900030D448 /* Color.swift */ = {isa = PBXFileReference; lastKnownFileType = sourcecode.swift; path = Color.swift; sourceTree = "<group>"; };
		E022009624E3E6C000C0BF72 /* BooksUploader.swift */ = {isa = PBXFileReference; lastKnownFileType = sourcecode.swift; path = BooksUploader.swift; sourceTree = "<group>"; };
		E041851A246160D900BBD8A7 /* LocalAudioBooksPlayer.entitlements */ = {isa = PBXFileReference; lastKnownFileType = text.plist.entitlements; path = LocalAudioBooksPlayer.entitlements; sourceTree = "<group>"; };
		E041851B2461803E00BBD8A7 /* Int.swift */ = {isa = PBXFileReference; lastKnownFileType = sourcecode.swift; path = Int.swift; sourceTree = "<group>"; };
		E041851D246361AE00BBD8A7 /* TrackGlobalSlider.swift */ = {isa = PBXFileReference; lastKnownFileType = sourcecode.swift; name = TrackGlobalSlider.swift; path = LocalAudioBooksPlayer/TrackGlobalSlider.swift; sourceTree = SOURCE_ROOT; };
		E05740F629525FA6005A1BDB /* LibrarySettingView.swift */ = {isa = PBXFileReference; lastKnownFileType = sourcecode.swift; path = LibrarySettingView.swift; sourceTree = "<group>"; };
		E05D6316245ED71F00344C33 /* LocalAudioBooksPlayer.app */ = {isa = PBXFileReference; explicitFileType = wrapper.application; includeInIndex = 0; path = LocalAudioBooksPlayer.app; sourceTree = BUILT_PRODUCTS_DIR; };
		E05D6319245ED71F00344C33 /* AppDelegate.swift */ = {isa = PBXFileReference; lastKnownFileType = sourcecode.swift; path = AppDelegate.swift; sourceTree = "<group>"; };
		E05D631B245ED71F00344C33 /* SceneDelegate.swift */ = {isa = PBXFileReference; lastKnownFileType = sourcecode.swift; path = SceneDelegate.swift; sourceTree = "<group>"; };
		E05D631D245ED71F00344C33 /* ContentView.swift */ = {isa = PBXFileReference; lastKnownFileType = sourcecode.swift; path = ContentView.swift; sourceTree = "<group>"; };
		E05D631F245ED72000344C33 /* Assets.xcassets */ = {isa = PBXFileReference; lastKnownFileType = folder.assetcatalog; path = Assets.xcassets; sourceTree = "<group>"; };
		E05D6322245ED72000344C33 /* Preview Assets.xcassets */ = {isa = PBXFileReference; lastKnownFileType = folder.assetcatalog; path = "Preview Assets.xcassets"; sourceTree = "<group>"; };
		E05D6325245ED72000344C33 /* Base */ = {isa = PBXFileReference; lastKnownFileType = file.storyboard; name = Base; path = Base.lproj/LaunchScreen.storyboard; sourceTree = "<group>"; };
		E05D6327245ED72000344C33 /* Info.plist */ = {isa = PBXFileReference; lastKnownFileType = text.plist.xml; path = Info.plist; sourceTree = "<group>"; };
		E05D632D245ED73800344C33 /* BooksRepository.swift */ = {isa = PBXFileReference; lastKnownFileType = sourcecode.swift; path = BooksRepository.swift; sourceTree = "<group>"; };
		E05D632F245ED77300344C33 /* BooksProvider.swift */ = {isa = PBXFileReference; lastKnownFileType = sourcecode.swift; path = BooksProvider.swift; sourceTree = "<group>"; };
		E05D6331245ED81700344C33 /* Book.swift */ = {isa = PBXFileReference; lastKnownFileType = sourcecode.swift; path = Book.swift; sourceTree = "<group>"; };
		E05D6334245ED87900344C33 /* Types.swift */ = {isa = PBXFileReference; lastKnownFileType = sourcecode.swift; path = Types.swift; sourceTree = "<group>"; };
		E05D6336245ED89400344C33 /* Type.swift */ = {isa = PBXFileReference; lastKnownFileType = sourcecode.swift; path = Type.swift; sourceTree = "<group>"; };
		E05D6338245ED8AB00344C33 /* Booklist.swift */ = {isa = PBXFileReference; lastKnownFileType = sourcecode.swift; path = Booklist.swift; sourceTree = "<group>"; };
		E05D633A245ED8BC00344C33 /* Track.swift */ = {isa = PBXFileReference; lastKnownFileType = sourcecode.swift; path = Track.swift; sourceTree = "<group>"; };
		E05D633D245ED9AE00344C33 /* Published.swift */ = {isa = PBXFileReference; lastKnownFileType = sourcecode.swift; path = Published.swift; sourceTree = "<group>"; };
		E05D633F245EDA0600344C33 /* ObservableArray.swift */ = {isa = PBXFileReference; lastKnownFileType = sourcecode.swift; path = ObservableArray.swift; sourceTree = "<group>"; };
		E05D6343245EDAD500344C33 /* LocalProvider.swift */ = {isa = PBXFileReference; lastKnownFileType = sourcecode.swift; path = LocalProvider.swift; sourceTree = "<group>"; };
		E05D6345245EFFB900344C33 /* BookRowView.swift */ = {isa = PBXFileReference; lastKnownFileType = sourcecode.swift; path = BookRowView.swift; sourceTree = "<group>"; };
		E05D634A245F044D00344C33 /* Mark.swift */ = {isa = PBXFileReference; lastKnownFileType = sourcecode.swift; path = Mark.swift; sourceTree = "<group>"; };
		E05D634C245F270600344C33 /* SymbolView.swift */ = {isa = PBXFileReference; lastKnownFileType = sourcecode.swift; path = SymbolView.swift; sourceTree = "<group>"; };
		E05D634E245F2A7C00344C33 /* PlayerView.swift */ = {isa = PBXFileReference; lastKnownFileType = sourcecode.swift; path = PlayerView.swift; sourceTree = "<group>"; };
		E05D6350245F2BCB00344C33 /* SmallPlayerView.swift */ = {isa = PBXFileReference; lastKnownFileType = sourcecode.swift; path = SmallPlayerView.swift; sourceTree = "<group>"; };
		E05D6352245F2C7200344C33 /* GlobalPlayer.swift */ = {isa = PBXFileReference; lastKnownFileType = sourcecode.swift; path = GlobalPlayer.swift; sourceTree = "<group>"; };
		E05D6358245F491700344C33 /* Cover.swift */ = {isa = PBXFileReference; lastKnownFileType = sourcecode.swift; path = Cover.swift; sourceTree = "<group>"; };
		E05D635A245F4B4300344C33 /* Blured.swift */ = {isa = PBXFileReference; lastKnownFileType = sourcecode.swift; path = Blured.swift; sourceTree = "<group>"; };
		E05D635C245F55CE00344C33 /* TracksList.swift */ = {isa = PBXFileReference; lastKnownFileType = sourcecode.swift; path = TracksList.swift; sourceTree = "<group>"; };
		E05D635E245F58D100344C33 /* CircularProgressIndicator.swift */ = {isa = PBXFileReference; lastKnownFileType = sourcecode.swift; path = CircularProgressIndicator.swift; sourceTree = "<group>"; };
		E05D6360245F58F200344C33 /* TrackView.swift */ = {isa = PBXFileReference; lastKnownFileType = sourcecode.swift; path = TrackView.swift; sourceTree = "<group>"; };
		E05D636224608EE500344C33 /* progressView.swift */ = {isa = PBXFileReference; lastKnownFileType = sourcecode.swift; path = progressView.swift; sourceTree = "<group>"; };
		E05D6364246099FA00344C33 /* BookmarksCountView.swift */ = {isa = PBXFileReference; lastKnownFileType = sourcecode.swift; path = BookmarksCountView.swift; sourceTree = "<group>"; };
		E05D636624609B1900344C33 /* ControllsView.swift */ = {isa = PBXFileReference; lastKnownFileType = sourcecode.swift; path = ControllsView.swift; sourceTree = "<group>"; };
		E05D63682460B3ED00344C33 /* Bindin.swift */ = {isa = PBXFileReference; lastKnownFileType = sourcecode.swift; path = Bindin.swift; sourceTree = "<group>"; };
		E05D636A2460B6F000344C33 /* CustomSlider.swift */ = {isa = PBXFileReference; lastKnownFileType = sourcecode.swift; path = CustomSlider.swift; sourceTree = "<group>"; };
		E081240B2987012200F415E3 /* Book2.swift */ = {isa = PBXFileReference; lastKnownFileType = sourcecode.swift; path = Book2.swift; sourceTree = "<group>"; };
		E081240D2987016400F415E3 /* Track2.swift */ = {isa = PBXFileReference; lastKnownFileType = sourcecode.swift; path = Track2.swift; sourceTree = "<group>"; };
		E081240F2987019700F415E3 /* Bookmark2.swift */ = {isa = PBXFileReference; lastKnownFileType = sourcecode.swift; path = Bookmark2.swift; sourceTree = "<group>"; };
		E0812411298702DE00F415E3 /* SimpleServer_old.swift */ = {isa = PBXFileReference; lastKnownFileType = sourcecode.swift; path = SimpleServer_old.swift; sourceTree = "<group>"; };
		E0812413298704CB00F415E3 /* Library.swift */ = {isa = PBXFileReference; lastKnownFileType = sourcecode.swift; path = Library.swift; sourceTree = "<group>"; };
		E087CE0A2958DB1E0055495E /* ContextMenuComponent.swift */ = {isa = PBXFileReference; fileEncoding = 4; lastKnownFileType = sourcecode.swift; path = ContextMenuComponent.swift; sourceTree = "<group>"; };
		E087CE0B2958DB200055495E /* ContextMenuContent.swift */ = {isa = PBXFileReference; fileEncoding = 4; lastKnownFileType = sourcecode.swift; path = ContextMenuContent.swift; sourceTree = "<group>"; };
		E087CE0C2958DB210055495E /* MXContextButton.swift */ = {isa = PBXFileReference; fileEncoding = 4; lastKnownFileType = sourcecode.swift; path = MXContextButton.swift; sourceTree = "<group>"; };
		E087CE102958DB3D0055495E /* MXContextMenuModel.swift */ = {isa = PBXFileReference; fileEncoding = 4; lastKnownFileType = sourcecode.swift; path = MXContextMenuModel.swift; sourceTree = "<group>"; };
		E087CE122958DB7D0055495E /* SheetHeaderComponent.swift */ = {isa = PBXFileReference; fileEncoding = 4; lastKnownFileType = sourcecode.swift; path = SheetHeaderComponent.swift; sourceTree = "<group>"; };
		E087CE142958DBC70055495E /* ActivityIndicator.swift */ = {isa = PBXFileReference; fileEncoding = 4; lastKnownFileType = sourcecode.swift; path = ActivityIndicator.swift; sourceTree = "<group>"; };
		E087F6BA2C3B0E5E00C4B568 /* README */ = {isa = PBXFileReference; lastKnownFileType = text; path = README; sourceTree = "<group>"; };
		E0951B482958DE5F002E483F /* FilePicker.swift */ = {isa = PBXFileReference; fileEncoding = 4; lastKnownFileType = sourcecode.swift; path = FilePicker.swift; sourceTree = "<group>"; };
		E0951B492958DE65002E483F /* FilePickerUIRepresentable.swift */ = {isa = PBXFileReference; fileEncoding = 4; lastKnownFileType = sourcecode.swift; path = FilePickerUIRepresentable.swift; sourceTree = "<group>"; };
		E0AA67AD2CDEAD5600330D47 /* PRIVACYPOLICY.md */ = {isa = PBXFileReference; lastKnownFileType = net.daringfireball.markdown; path = PRIVACYPOLICY.md; sourceTree = "<group>"; };
		E0F4E87A2995AF2E0012570D /* AddingBooksView.swift */ = {isa = PBXFileReference; lastKnownFileType = sourcecode.swift; path = AddingBooksView.swift; sourceTree = "<group>"; };
/* End PBXFileReference section */

/* Begin PBXFrameworksBuildPhase section */
		E05D6313245ED71F00344C33 /* Frameworks */ = {
			isa = PBXFrameworksBuildPhase;
			buildActionMask = 2147483647;
			files = (
				AFEDEEC22508ED6000CD856C /* Zip in Frameworks */,
				190C713525F034B000AF1F20 /* SwiftyStoreKit in Frameworks */,
				19F2E4BD25DAE3A3009730DC /* Reachability in Frameworks */,
				AFB656C5250FCE4800AFA816 /* CTPicker in Frameworks */,
				E05D6349245F00CE00344C33 /* SDWebImageSwiftUI in Frameworks */,
				AF7F38EE25064EF700B37B78 /* CloudKit.framework in Frameworks */,
				AFEDEEC52509132900CD856C /* ID3TagEditor in Frameworks */,
			);
			runOnlyForDeploymentPostprocessing = 0;
		};
/* End PBXFrameworksBuildPhase section */

/* Begin PBXGroup section */
		190C712025ED6C5200AF1F20 /* Libraries */ = {
			isa = PBXGroup;
			children = (
				D62AC7F925669068000E46D3 /* LibrariesView.swift */,
				19F2E4B925C0A8A8009730DC /* AddingLibraryView.swift */,
				E05740F629525FA6005A1BDB /* LibrarySettingView.swift */,
				E0F4E87A2995AF2E0012570D /* AddingBooksView.swift */,
			);
			path = Libraries;
			sourceTree = "<group>";
		};
		19F2E4B625A6450B009730DC /* UserDefaultsStorage */ = {
			isa = PBXGroup;
			children = (
				19F2E4B725A6456E009730DC /* BooksInfoStorage.swift */,
				19F2E4C025DC2A8D009730DC /* InterruptedUploadsStorage.swift */,
				190C712925EE497A00AF1F20 /* ProviderTypes.swift */,
			);
			path = UserDefaultsStorage;
			sourceTree = "<group>";
		};
		19F8DEA12739D1EB000DE63B /* ProvidersFilterList */ = {
			isa = PBXGroup;
			children = (
				19F8DE9F2739D0FE000DE63B /* ProvidersFilterListView.swift */,
			);
			path = ProvidersFilterList;
			sourceTree = "<group>";
		};
		AF19351024EAE86A00C847AF /* UI */ = {
			isa = PBXGroup;
			children = (
				E087CE102958DB3D0055495E /* MXContextMenuModel.swift */,
				E087CE0A2958DB1E0055495E /* ContextMenuComponent.swift */,
				E087CE122958DB7D0055495E /* SheetHeaderComponent.swift */,
				E087CE142958DBC70055495E /* ActivityIndicator.swift */,
				E087CE0B2958DB200055495E /* ContextMenuContent.swift */,
				E087CE0C2958DB210055495E /* MXContextButton.swift */,
				190C712025ED6C5200AF1F20 /* Libraries */,
			);
			path = UI;
			sourceTree = "<group>";
		};
		AF7F38EB25064E5400B37B78 /* StorageManagement */ = {
			isa = PBXGroup;
			children = (
				AF19351C24ED2A9A00C847AF /* ArchivePicker.swift */,
				AFF32D5B2508E59E004E182C /* LocalUploadManager.swift */,
			);
			path = StorageManagement;
			sourceTree = "<group>";
		};
		AF7F38EC25064EF700B37B78 /* Frameworks */ = {
			isa = PBXGroup;
			children = (
				AF7F38ED25064EF700B37B78 /* CloudKit.framework */,
				19C6ADDD25E6A9F800A2F65E /* UserNotifications.framework */,
				19C6ADDF25E6A9F800A2F65E /* UserNotificationsUI.framework */,
			);
			name = Frameworks;
			sourceTree = "<group>";
		};
		E05D630D245ED71F00344C33 = {
			isa = PBXGroup;
			children = (
				E0AA67AD2CDEAD5600330D47 /* PRIVACYPOLICY.md */,
				E087F6BA2C3B0E5E00C4B568 /* README */,
				E05D6318245ED71F00344C33 /* LocalAudioBooksPlayer */,
				E05D6317245ED71F00344C33 /* Products */,
				AF7F38EC25064EF700B37B78 /* Frameworks */,
			);
			sourceTree = "<group>";
		};
		E05D6317245ED71F00344C33 /* Products */ = {
			isa = PBXGroup;
			children = (
				E05D6316245ED71F00344C33 /* LocalAudioBooksPlayer.app */,
			);
			name = Products;
			sourceTree = "<group>";
		};
		E05D6318245ED71F00344C33 /* LocalAudioBooksPlayer */ = {
			isa = PBXGroup;
			children = (
				19F8DEA12739D1EB000DE63B /* ProvidersFilterList */,
				198058FD260219DB00DEB569 /* NetworkMonitor.swift */,
				E05D6360245F58F200344C33 /* TrackView.swift */,
				19F2E4B625A6450B009730DC /* UserDefaultsStorage */,
				E041851A246160D900BBD8A7 /* LocalAudioBooksPlayer.entitlements */,
				E05D633C245ED99E00344C33 /* Extensions */,
				E05D6319245ED71F00344C33 /* AppDelegate.swift */,
				E05D631B245ED71F00344C33 /* SceneDelegate.swift */,
				E05D631D245ED71F00344C33 /* ContentView.swift */,
				E05D634E245F2A7C00344C33 /* PlayerView.swift */,
				E05D636624609B1900344C33 /* ControllsView.swift */,
				E05D636A2460B6F000344C33 /* CustomSlider.swift */,
				E05D635C245F55CE00344C33 /* TracksList.swift */,
				E05D635E245F58D100344C33 /* CircularProgressIndicator.swift */,
				E05D6364246099FA00344C33 /* BookmarksCountView.swift */,
				E05D636224608EE500344C33 /* progressView.swift */,
				E05D6358245F491700344C33 /* Cover.swift */,
				E05D635A245F4B4300344C33 /* Blured.swift */,
				E05D6350245F2BCB00344C33 /* SmallPlayerView.swift */,
				E05D6345245EFFB900344C33 /* BookRowView.swift */,
				E05D634C245F270600344C33 /* SymbolView.swift */,
				190C713825F7831A00AF1F20 /* MonthlyCloudSubscription.swift */,
				E05D631F245ED72000344C33 /* Assets.xcassets */,
				E05D6324245ED72000344C33 /* LaunchScreen.storyboard */,
				E05D6327245ED72000344C33 /* Info.plist */,
				E05D6321245ED72000344C33 /* Preview Content */,
				E05D632D245ED73800344C33 /* BooksRepository.swift */,
				E0812413298704CB00F415E3 /* Library.swift */,
				E05D6352245F2C7200344C33 /* GlobalPlayer.swift */,
				AF19351024EAE86A00C847AF /* UI */,
				E05D6341245EDAAF00344C33 /* Protocols */,
				E05D6342245EDAC800344C33 /* Providers */,
				E05D6333245ED86500344C33 /* Model */,
				19A5154026515DC4002E9FF3 /* BackgroundDownloading.swift */,
			);
			path = LocalAudioBooksPlayer;
			sourceTree = "<group>";
		};
		E05D6321245ED72000344C33 /* Preview Content */ = {
			isa = PBXGroup;
			children = (
				E05D6322245ED72000344C33 /* Preview Assets.xcassets */,
			);
			path = "Preview Content";
			sourceTree = "<group>";
		};
		E05D6333245ED86500344C33 /* Model */ = {
			isa = PBXGroup;
			children = (
				E05D6331245ED81700344C33 /* Book.swift */,
				E05D6336245ED89400344C33 /* Type.swift */,
				E05D6334245ED87900344C33 /* Types.swift */,
				E05D6338245ED8AB00344C33 /* Booklist.swift */,
				E05D633A245ED8BC00344C33 /* Track.swift */,
				E05D634A245F044D00344C33 /* Mark.swift */,
				E0951B482958DE5F002E483F /* FilePicker.swift */,
				E0951B492958DE65002E483F /* FilePickerUIRepresentable.swift */,
				E081240B2987012200F415E3 /* Book2.swift */,
				E081240D2987016400F415E3 /* Track2.swift */,
				E081240F2987019700F415E3 /* Bookmark2.swift */,
			);
			path = Model;
			sourceTree = "<group>";
		};
		E05D633C245ED99E00344C33 /* Extensions */ = {
			isa = PBXGroup;
			children = (
				E05D633D245ED9AE00344C33 /* Published.swift */,
				E05D633F245EDA0600344C33 /* ObservableArray.swift */,
				E05D63682460B3ED00344C33 /* Bindin.swift */,
				E041851B2461803E00BBD8A7 /* Int.swift */,
				E041851D246361AE00BBD8A7 /* TrackGlobalSlider.swift */,
				AFEDEEBE2508EA7800CD856C /* FileManager.swift */,
				E01990D829A80E900030D448 /* Color.swift */,
			);
			path = Extensions;
			sourceTree = "<group>";
		};
		E05D6341245EDAAF00344C33 /* Protocols */ = {
			isa = PBXGroup;
			children = (
				E05D632F245ED77300344C33 /* BooksProvider.swift */,
				E022009624E3E6C000C0BF72 /* BooksUploader.swift */,
			);
			path = Protocols;
			sourceTree = "<group>";
		};
		E05D6342245EDAC800344C33 /* Providers */ = {
			isa = PBXGroup;
			children = (
				E0812411298702DE00F415E3 /* SimpleServer_old.swift */,
				E05D6343245EDAD500344C33 /* LocalProvider.swift */,
				E002849B29316CAF00BEA245 /* iCloudProvider.swift */,
				AF7F38EB25064E5400B37B78 /* StorageManagement */,
			);
			path = Providers;
			sourceTree = "<group>";
		};
/* End PBXGroup section */

/* Begin PBXNativeTarget section */
		E05D6315245ED71F00344C33 /* LocalAudioBooksPlayer */ = {
			isa = PBXNativeTarget;
			buildConfigurationList = E05D632A245ED72000344C33 /* Build configuration list for PBXNativeTarget "LocalAudioBooksPlayer" */;
			buildPhases = (
				E05D6312245ED71F00344C33 /* Sources */,
				E05D6313245ED71F00344C33 /* Frameworks */,
				E05D6314245ED71F00344C33 /* Resources */,
				19C6ADEB25E6A9F900A2F65E /* Embed App Extensions */,
			);
			buildRules = (
			);
			dependencies = (
			);
			name = LocalAudioBooksPlayer;
			packageProductDependencies = (
				E05D6348245F00CE00344C33 /* SDWebImageSwiftUI */,
				AFEDEEC12508ED6000CD856C /* Zip */,
				AFEDEEC42509132900CD856C /* ID3TagEditor */,
				AFB656C4250FCE4800AFA816 /* CTPicker */,
				19F2E4BC25DAE3A3009730DC /* Reachability */,
				190C713425F034B000AF1F20 /* SwiftyStoreKit */,
			);
			productName = LocalAudioBooksPlayer;
			productReference = E05D6316245ED71F00344C33 /* LocalAudioBooksPlayer.app */;
			productType = "com.apple.product-type.application";
		};
/* End PBXNativeTarget section */

/* Begin PBXProject section */
		E05D630E245ED71F00344C33 /* Project object */ = {
			isa = PBXProject;
			attributes = {
				LastSwiftUpdateCheck = 1200;
				LastUpgradeCheck = 1140;
				ORGANIZATIONNAME = "Blazej Zyglarski";
				TargetAttributes = {
					E05D6315245ED71F00344C33 = {
						CreatedOnToolsVersion = 11.4.1;
					};
				};
			};
			buildConfigurationList = E05D6311245ED71F00344C33 /* Build configuration list for PBXProject "LocalAudioBooksPlayer" */;
			compatibilityVersion = "Xcode 9.3";
			developmentRegion = en;
			hasScannedForEncodings = 0;
			knownRegions = (
				en,
				Base,
			);
			mainGroup = E05D630D245ED71F00344C33;
			packageReferences = (
				E05D6347245F00CE00344C33 /* XCRemoteSwiftPackageReference "SDWebImageSwiftUI" */,
				AFEDEEC02508ED6000CD856C /* XCRemoteSwiftPackageReference "Zip" */,
				AFEDEEC32509132800CD856C /* XCRemoteSwiftPackageReference "ID3TagEditor" */,
				AFB656C3250FCE4800AFA816 /* XCRemoteSwiftPackageReference "CTPicker_SwiftUI" */,
				19F2E4BB25DAE3A3009730DC /* XCRemoteSwiftPackageReference "Reachability" */,
				190C713325F034B000AF1F20 /* XCRemoteSwiftPackageReference "SwiftyStoreKit" */,
				E087CE072958D9F30055495E /* XCRemoteSwiftPackageReference "FilePicker" */,
			);
			productRefGroup = E05D6317245ED71F00344C33 /* Products */;
			projectDirPath = "";
			projectRoot = "";
			targets = (
				E05D6315245ED71F00344C33 /* LocalAudioBooksPlayer */,
			);
		};
/* End PBXProject section */

/* Begin PBXResourcesBuildPhase section */
		E05D6314245ED71F00344C33 /* Resources */ = {
			isa = PBXResourcesBuildPhase;
			buildActionMask = 2147483647;
			files = (
				E05D6326245ED72000344C33 /* LaunchScreen.storyboard in Resources */,
				E05D6323245ED72000344C33 /* Preview Assets.xcassets in Resources */,
				E05D6320245ED72000344C33 /* Assets.xcassets in Resources */,
			);
			runOnlyForDeploymentPostprocessing = 0;
		};
/* End PBXResourcesBuildPhase section */

/* Begin PBXSourcesBuildPhase section */
		E05D6312245ED71F00344C33 /* Sources */ = {
			isa = PBXSourcesBuildPhase;
			buildActionMask = 2147483647;
			files = (
				E05D635B245F4B4300344C33 /* Blured.swift in Sources */,
				E087CE132958DB7D0055495E /* SheetHeaderComponent.swift in Sources */,
				E05D6340245EDA0600344C33 /* ObservableArray.swift in Sources */,
				E05D633E245ED9AE00344C33 /* Published.swift in Sources */,
				E087CE152958DBC70055495E /* ActivityIndicator.swift in Sources */,
				E05D635F245F58D100344C33 /* CircularProgressIndicator.swift in Sources */,
				E05D6346245EFFB900344C33 /* BookRowView.swift in Sources */,
				E05D631A245ED71F00344C33 /* AppDelegate.swift in Sources */,
				E05D634F245F2A7C00344C33 /* PlayerView.swift in Sources */,
				E05D633B245ED8BC00344C33 /* Track.swift in Sources */,
				E022009724E3E6C000C0BF72 /* BooksUploader.swift in Sources */,
				E05D636724609B1900344C33 /* ControllsView.swift in Sources */,
				190C712A25EE497A00AF1F20 /* ProviderTypes.swift in Sources */,
				E05D635D245F55CE00344C33 /* TracksList.swift in Sources */,
				E05D6330245ED77300344C33 /* BooksProvider.swift in Sources */,
				E05D6361245F58F200344C33 /* TrackView.swift in Sources */,
				E05D6332245ED81700344C33 /* Book.swift in Sources */,
				AFEDEEBF2508EA7800CD856C /* FileManager.swift in Sources */,
				E05D6365246099FA00344C33 /* BookmarksCountView.swift in Sources */,
				E05740F729525FA6005A1BDB /* LibrarySettingView.swift in Sources */,
				E05D636324608EE500344C33 /* progressView.swift in Sources */,
				E041851E246361AE00BBD8A7 /* TrackGlobalSlider.swift in Sources */,
				19F8DEA02739D0FE000DE63B /* ProvidersFilterListView.swift in Sources */,
				E05D6335245ED87900344C33 /* Types.swift in Sources */,
				E0951B4A2958DE65002E483F /* FilePicker.swift in Sources */,
				AF19351D24ED2A9A00C847AF /* ArchivePicker.swift in Sources */,
				E002849C29316CB000BEA245 /* iCloudProvider.swift in Sources */,
				19A5154126515DC4002E9FF3 /* BackgroundDownloading.swift in Sources */,
				E0F4E87B2995AF2E0012570D /* AddingBooksView.swift in Sources */,
				E05D632E245ED73800344C33 /* BooksRepository.swift in Sources */,
				E05D6344245EDAD500344C33 /* LocalProvider.swift in Sources */,
				E05D631C245ED71F00344C33 /* SceneDelegate.swift in Sources */,
				E05D634B245F044D00344C33 /* Mark.swift in Sources */,
				19F2E4BA25C0A8A8009730DC /* AddingLibraryView.swift in Sources */,
				E087CE0F2958DB220055495E /* MXContextButton.swift in Sources */,
				AFF32D5C2508E59E004E182C /* LocalUploadManager.swift in Sources */,
				19F2E4B825A6456E009730DC /* BooksInfoStorage.swift in Sources */,
				E081240C2987012200F415E3 /* Book2.swift in Sources */,
				E05D636B2460B6F000344C33 /* CustomSlider.swift in Sources */,
				E08124102987019700F415E3 /* Bookmark2.swift in Sources */,
				E01990D929A80E900030D448 /* Color.swift in Sources */,
				E081240E2987016400F415E3 /* Track2.swift in Sources */,
				E05D6359245F491700344C33 /* Cover.swift in Sources */,
				E05D634D245F270600344C33 /* SymbolView.swift in Sources */,
				E0812414298704CB00F415E3 /* Library.swift in Sources */,
				E087CE0D2958DB220055495E /* ContextMenuComponent.swift in Sources */,
				E05D631E245ED71F00344C33 /* ContentView.swift in Sources */,
				E05D63692460B3ED00344C33 /* Bindin.swift in Sources */,
				E087CE112958DB3D0055495E /* MXContextMenuModel.swift in Sources */,
				198058FE260219DB00DEB569 /* NetworkMonitor.swift in Sources */,
				E05D6351245F2BCB00344C33 /* SmallPlayerView.swift in Sources */,
				E087CE0E2958DB220055495E /* ContextMenuContent.swift in Sources */,
				E05D6339245ED8AB00344C33 /* Booklist.swift in Sources */,
				190C713925F7831A00AF1F20 /* MonthlyCloudSubscription.swift in Sources */,
				19F2E4C125DC2A8D009730DC /* InterruptedUploadsStorage.swift in Sources */,
				E0812412298702DE00F415E3 /* SimpleServer_old.swift in Sources */,
				D62AC7FA25669068000E46D3 /* LibrariesView.swift in Sources */,
				E041851C2461803E00BBD8A7 /* Int.swift in Sources */,
				E05D6353245F2C7200344C33 /* GlobalPlayer.swift in Sources */,
				E0951B4B2958DE65002E483F /* FilePickerUIRepresentable.swift in Sources */,
				E05D6337245ED89400344C33 /* Type.swift in Sources */,
			);
			runOnlyForDeploymentPostprocessing = 0;
		};
/* End PBXSourcesBuildPhase section */

/* Begin PBXVariantGroup section */
		E05D6324245ED72000344C33 /* LaunchScreen.storyboard */ = {
			isa = PBXVariantGroup;
			children = (
				E05D6325245ED72000344C33 /* Base */,
			);
			name = LaunchScreen.storyboard;
			sourceTree = "<group>";
		};
/* End PBXVariantGroup section */

/* Begin XCBuildConfiguration section */
		E05D6328245ED72000344C33 /* Debug */ = {
			isa = XCBuildConfiguration;
			buildSettings = {
				ALWAYS_SEARCH_USER_PATHS = NO;
				CLANG_ANALYZER_NONNULL = YES;
				CLANG_ANALYZER_NUMBER_OBJECT_CONVERSION = YES_AGGRESSIVE;
				CLANG_CXX_LANGUAGE_STANDARD = "gnu++14";
				CLANG_CXX_LIBRARY = "libc++";
				CLANG_ENABLE_MODULES = YES;
				CLANG_ENABLE_OBJC_ARC = YES;
				CLANG_ENABLE_OBJC_WEAK = YES;
				CLANG_WARN_BLOCK_CAPTURE_AUTORELEASING = YES;
				CLANG_WARN_BOOL_CONVERSION = YES;
				CLANG_WARN_COMMA = YES;
				CLANG_WARN_CONSTANT_CONVERSION = YES;
				CLANG_WARN_DEPRECATED_OBJC_IMPLEMENTATIONS = YES;
				CLANG_WARN_DIRECT_OBJC_ISA_USAGE = YES_ERROR;
				CLANG_WARN_DOCUMENTATION_COMMENTS = YES;
				CLANG_WARN_EMPTY_BODY = YES;
				CLANG_WARN_ENUM_CONVERSION = YES;
				CLANG_WARN_INFINITE_RECURSION = YES;
				CLANG_WARN_INT_CONVERSION = YES;
				CLANG_WARN_NON_LITERAL_NULL_CONVERSION = YES;
				CLANG_WARN_OBJC_IMPLICIT_RETAIN_SELF = YES;
				CLANG_WARN_OBJC_LITERAL_CONVERSION = YES;
				CLANG_WARN_OBJC_ROOT_CLASS = YES_ERROR;
				CLANG_WARN_RANGE_LOOP_ANALYSIS = YES;
				CLANG_WARN_STRICT_PROTOTYPES = YES;
				CLANG_WARN_SUSPICIOUS_MOVE = YES;
				CLANG_WARN_UNGUARDED_AVAILABILITY = YES_AGGRESSIVE;
				CLANG_WARN_UNREACHABLE_CODE = YES;
				CLANG_WARN__DUPLICATE_METHOD_MATCH = YES;
				COPY_PHASE_STRIP = NO;
				DEBUG_INFORMATION_FORMAT = dwarf;
				ENABLE_STRICT_OBJC_MSGSEND = YES;
				ENABLE_TESTABILITY = YES;
				GCC_C_LANGUAGE_STANDARD = gnu11;
				GCC_DYNAMIC_NO_PIC = NO;
				GCC_NO_COMMON_BLOCKS = YES;
				GCC_OPTIMIZATION_LEVEL = 0;
				GCC_PREPROCESSOR_DEFINITIONS = (
					"DEBUG=1",
					"$(inherited)",
				);
				GCC_WARN_64_TO_32_BIT_CONVERSION = YES;
				GCC_WARN_ABOUT_RETURN_TYPE = YES_ERROR;
				GCC_WARN_UNDECLARED_SELECTOR = YES;
				GCC_WARN_UNINITIALIZED_AUTOS = YES_AGGRESSIVE;
				GCC_WARN_UNUSED_FUNCTION = YES;
				GCC_WARN_UNUSED_VARIABLE = YES;
				IPHONEOS_DEPLOYMENT_TARGET = 16.0;
				MTL_ENABLE_DEBUG_INFO = INCLUDE_SOURCE;
				MTL_FAST_MATH = YES;
				ONLY_ACTIVE_ARCH = YES;
				SDKROOT = iphoneos;
				SWIFT_ACTIVE_COMPILATION_CONDITIONS = DEBUG;
				SWIFT_OPTIMIZATION_LEVEL = "-Onone";
			};
			name = Debug;
		};
		E05D6329245ED72000344C33 /* Release */ = {
			isa = XCBuildConfiguration;
			buildSettings = {
				ALWAYS_SEARCH_USER_PATHS = NO;
				CLANG_ANALYZER_NONNULL = YES;
				CLANG_ANALYZER_NUMBER_OBJECT_CONVERSION = YES_AGGRESSIVE;
				CLANG_CXX_LANGUAGE_STANDARD = "gnu++14";
				CLANG_CXX_LIBRARY = "libc++";
				CLANG_ENABLE_MODULES = YES;
				CLANG_ENABLE_OBJC_ARC = YES;
				CLANG_ENABLE_OBJC_WEAK = YES;
				CLANG_WARN_BLOCK_CAPTURE_AUTORELEASING = YES;
				CLANG_WARN_BOOL_CONVERSION = YES;
				CLANG_WARN_COMMA = YES;
				CLANG_WARN_CONSTANT_CONVERSION = YES;
				CLANG_WARN_DEPRECATED_OBJC_IMPLEMENTATIONS = YES;
				CLANG_WARN_DIRECT_OBJC_ISA_USAGE = YES_ERROR;
				CLANG_WARN_DOCUMENTATION_COMMENTS = YES;
				CLANG_WARN_EMPTY_BODY = YES;
				CLANG_WARN_ENUM_CONVERSION = YES;
				CLANG_WARN_INFINITE_RECURSION = YES;
				CLANG_WARN_INT_CONVERSION = YES;
				CLANG_WARN_NON_LITERAL_NULL_CONVERSION = YES;
				CLANG_WARN_OBJC_IMPLICIT_RETAIN_SELF = YES;
				CLANG_WARN_OBJC_LITERAL_CONVERSION = YES;
				CLANG_WARN_OBJC_ROOT_CLASS = YES_ERROR;
				CLANG_WARN_RANGE_LOOP_ANALYSIS = YES;
				CLANG_WARN_STRICT_PROTOTYPES = YES;
				CLANG_WARN_SUSPICIOUS_MOVE = YES;
				CLANG_WARN_UNGUARDED_AVAILABILITY = YES_AGGRESSIVE;
				CLANG_WARN_UNREACHABLE_CODE = YES;
				CLANG_WARN__DUPLICATE_METHOD_MATCH = YES;
				COPY_PHASE_STRIP = NO;
				DEBUG_INFORMATION_FORMAT = "dwarf-with-dsym";
				ENABLE_NS_ASSERTIONS = NO;
				ENABLE_STRICT_OBJC_MSGSEND = YES;
				GCC_C_LANGUAGE_STANDARD = gnu11;
				GCC_NO_COMMON_BLOCKS = YES;
				GCC_WARN_64_TO_32_BIT_CONVERSION = YES;
				GCC_WARN_ABOUT_RETURN_TYPE = YES_ERROR;
				GCC_WARN_UNDECLARED_SELECTOR = YES;
				GCC_WARN_UNINITIALIZED_AUTOS = YES_AGGRESSIVE;
				GCC_WARN_UNUSED_FUNCTION = YES;
				GCC_WARN_UNUSED_VARIABLE = YES;
				IPHONEOS_DEPLOYMENT_TARGET = 16.0;
				MTL_ENABLE_DEBUG_INFO = NO;
				MTL_FAST_MATH = YES;
				SDKROOT = iphoneos;
				SWIFT_COMPILATION_MODE = wholemodule;
				SWIFT_OPTIMIZATION_LEVEL = "-O";
				VALIDATE_PRODUCT = YES;
			};
			name = Release;
		};
		E05D632B245ED72000344C33 /* Debug */ = {
			isa = XCBuildConfiguration;
			buildSettings = {
				ASSETCATALOG_COMPILER_APPICON_NAME = AppIcon;
				CODE_SIGN_ENTITLEMENTS = LocalAudioBooksPlayer/LocalAudioBooksPlayer.entitlements;
				CODE_SIGN_STYLE = Automatic;
				DEVELOPMENT_ASSET_PATHS = "\"LocalAudioBooksPlayer/Preview Content\"";
				DEVELOPMENT_TEAM = 6YHYC2U9N4;
				ENABLE_PREVIEWS = YES;
				INFOPLIST_FILE = LocalAudioBooksPlayer/Info.plist;
				INFOPLIST_KEY_CFBundleDisplayName = LocalAudioBooksPlayer;
				IPHONEOS_DEPLOYMENT_TARGET = 15.4;
				LD_RUNPATH_SEARCH_PATHS = (
					"$(inherited)",
					"@executable_path/Frameworks",
				);
				MARKETING_VERSION = 0.0.4;
				PRODUCT_BUNDLE_IDENTIFIER = pl.zyglarski.LocalAudioBooksPlayer;
				PRODUCT_NAME = "$(TARGET_NAME)";
				SUPPORTED_PLATFORMS = "iphoneos iphonesimulator";
				SUPPORTS_MACCATALYST = YES;
				SUPPORTS_MAC_DESIGNED_FOR_IPHONE_IPAD = NO;
				SWIFT_VERSION = 5.0;
				TARGETED_DEVICE_FAMILY = "1,2";
			};
			name = Debug;
		};
		E05D632C245ED72000344C33 /* Release */ = {
			isa = XCBuildConfiguration;
			buildSettings = {
				ASSETCATALOG_COMPILER_APPICON_NAME = AppIcon;
				CODE_SIGN_ENTITLEMENTS = LocalAudioBooksPlayer/LocalAudioBooksPlayer.entitlements;
				CODE_SIGN_STYLE = Automatic;
				DEVELOPMENT_ASSET_PATHS = "\"LocalAudioBooksPlayer/Preview Content\"";
				DEVELOPMENT_TEAM = 6YHYC2U9N4;
				ENABLE_PREVIEWS = YES;
				INFOPLIST_FILE = LocalAudioBooksPlayer/Info.plist;
				INFOPLIST_KEY_CFBundleDisplayName = LocalAudioBooksPlayer;
				IPHONEOS_DEPLOYMENT_TARGET = 15.4;
				LD_RUNPATH_SEARCH_PATHS = (
					"$(inherited)",
					"@executable_path/Frameworks",
				);
				MARKETING_VERSION = 0.0.4;
				PRODUCT_BUNDLE_IDENTIFIER = pl.zyglarski.LocalAudioBooksPlayer;
				PRODUCT_NAME = "$(TARGET_NAME)";
				SUPPORTED_PLATFORMS = "iphoneos iphonesimulator";
				SUPPORTS_MACCATALYST = YES;
				SUPPORTS_MAC_DESIGNED_FOR_IPHONE_IPAD = NO;
				SWIFT_VERSION = 5.0;
				TARGETED_DEVICE_FAMILY = "1,2";
			};
			name = Release;
		};
/* End XCBuildConfiguration section */

/* Begin XCConfigurationList section */
		E05D6311245ED71F00344C33 /* Build configuration list for PBXProject "LocalAudioBooksPlayer" */ = {
			isa = XCConfigurationList;
			buildConfigurations = (
				E05D6328245ED72000344C33 /* Debug */,
				E05D6329245ED72000344C33 /* Release */,
			);
			defaultConfigurationIsVisible = 0;
			defaultConfigurationName = Release;
		};
		E05D632A245ED72000344C33 /* Build configuration list for PBXNativeTarget "LocalAudioBooksPlayer" */ = {
			isa = XCConfigurationList;
			buildConfigurations = (
				E05D632B245ED72000344C33 /* Debug */,
				E05D632C245ED72000344C33 /* Release */,
			);
			defaultConfigurationIsVisible = 0;
			defaultConfigurationName = Release;
		};
/* End XCConfigurationList section */

/* Begin XCRemoteSwiftPackageReference section */
		190C713325F034B000AF1F20 /* XCRemoteSwiftPackageReference "SwiftyStoreKit" */ = {
			isa = XCRemoteSwiftPackageReference;
			repositoryURL = "https://github.com/bizz84/SwiftyStoreKit.git";
			requirement = {
				kind = upToNextMinorVersion;
				minimumVersion = 0.16.3;
			};
		};
		19F2E4BB25DAE3A3009730DC /* XCRemoteSwiftPackageReference "Reachability" */ = {
			isa = XCRemoteSwiftPackageReference;
			repositoryURL = "https://github.com/ashleymills/Reachability.swift";
			requirement = {
				kind = upToNextMinorVersion;
				minimumVersion = 5.1.0;
			};
		};
		AFB656C3250FCE4800AFA816 /* XCRemoteSwiftPackageReference "CTPicker_SwiftUI" */ = {
			isa = XCRemoteSwiftPackageReference;
			repositoryURL = "https://github.com/StewartLynch/CTPicker_SwiftUI";
			requirement = {
				kind = upToNextMajorVersion;
				minimumVersion = 2.0.5;
			};
		};
		AFEDEEC02508ED6000CD856C /* XCRemoteSwiftPackageReference "Zip" */ = {
			isa = XCRemoteSwiftPackageReference;
			repositoryURL = "https://github.com/marmelroy/Zip.git";
			requirement = {
				kind = upToNextMajorVersion;
				minimumVersion = 2.0.0;
			};
		};
		AFEDEEC32509132800CD856C /* XCRemoteSwiftPackageReference "ID3TagEditor" */ = {
			isa = XCRemoteSwiftPackageReference;
			repositoryURL = "https://github.com/chicio/ID3TagEditor";
			requirement = {
				kind = upToNextMajorVersion;
				minimumVersion = 3.2.0;
			};
		};
		E05D6347245F00CE00344C33 /* XCRemoteSwiftPackageReference "SDWebImageSwiftUI" */ = {
			isa = XCRemoteSwiftPackageReference;
			repositoryURL = "https://github.com/SDWebImage/SDWebImageSwiftUI";
			requirement = {
				kind = upToNextMajorVersion;
				minimumVersion = 1.3.4;
			};
		};
		E087CE072958D9F30055495E /* XCRemoteSwiftPackageReference "FilePicker" */ = {
			isa = XCRemoteSwiftPackageReference;
			repositoryURL = "https://github.com/markrenaud/FilePicker";
			requirement = {
				kind = upToNextMajorVersion;
				minimumVersion = 1.0.0;
			};
		};
/* End XCRemoteSwiftPackageReference section */

/* Begin XCSwiftPackageProductDependency section */
		190C713425F034B000AF1F20 /* SwiftyStoreKit */ = {
			isa = XCSwiftPackageProductDependency;
			package = 190C713325F034B000AF1F20 /* XCRemoteSwiftPackageReference "SwiftyStoreKit" */;
			productName = SwiftyStoreKit;
		};
		19F2E4BC25DAE3A3009730DC /* Reachability */ = {
			isa = XCSwiftPackageProductDependency;
			package = 19F2E4BB25DAE3A3009730DC /* XCRemoteSwiftPackageReference "Reachability" */;
			productName = Reachability;
		};
		AFB656C4250FCE4800AFA816 /* CTPicker */ = {
			isa = XCSwiftPackageProductDependency;
			package = AFB656C3250FCE4800AFA816 /* XCRemoteSwiftPackageReference "CTPicker_SwiftUI" */;
			productName = CTPicker;
		};
		AFEDEEC12508ED6000CD856C /* Zip */ = {
			isa = XCSwiftPackageProductDependency;
			package = AFEDEEC02508ED6000CD856C /* XCRemoteSwiftPackageReference "Zip" */;
			productName = Zip;
		};
		AFEDEEC42509132900CD856C /* ID3TagEditor */ = {
			isa = XCSwiftPackageProductDependency;
			package = AFEDEEC32509132800CD856C /* XCRemoteSwiftPackageReference "ID3TagEditor" */;
			productName = ID3TagEditor;
		};
		E05D6348245F00CE00344C33 /* SDWebImageSwiftUI */ = {
			isa = XCSwiftPackageProductDependency;
			package = E05D6347245F00CE00344C33 /* XCRemoteSwiftPackageReference "SDWebImageSwiftUI" */;
			productName = SDWebImageSwiftUI;
		};
/* End XCSwiftPackageProductDependency section */
	};
	rootObject = E05D630E245ED71F00344C33 /* Project object */;
}
